
Microsoft Visual Studio Solution File, Format Version 12.00
# Visual Studio Version 16
VisualStudioVersion = 16.0.29409.12
MinimumVisualStudioVersion = 10.0.40219.1
Project("{FAE04EC0-301F-11D3-BF4B-00C04F79EFBC}") = "WebApplication2", "WebApplication2\WebApplication2.csproj", "{8A4D994D-1A89-466B-B576-15BCC40C3288}"
EndProject
Global
	GlobalSection(SolutionConfigurationPlatforms) = preSolution
		Debug|Any CPU = Debug|Any CPU
		Release|Any CPU = Release|Any CPU
	EndGlobalSection
	GlobalSection(ProjectConfigurationPlatforms) = postSolution
		{8A4D994D-1A89-466B-B576-15BCC40C3288}.Debug|Any CPU.ActiveCfg = Debug|Any CPU
		{8A4D994D-1A89-466B-B576-15BCC40C3288}.Debug|Any CPU.Build.0 = Debug|Any CPU
		{8A4D994D-1A89-466B-B576-15BCC40C3288}.Release|Any CPU.ActiveCfg = Release|Any CPU
		{8A4D994D-1A89-466B-B576-15BCC40C3288}.Release|Any CPU.Build.0 = Release|Any CPU
	EndGlobalSection
	GlobalSection(SolutionProperties) = preSolution
		HideSolutionNode = FALSE
	EndGlobalSection
	GlobalSection(ExtensibilityGlobals) = postSolution
		SolutionGuid = {2AC30038-AB81-42F4-B261-CF342781B2F2}
	EndGlobalSection
EndGlobal
